
Microsoft Visual Studio Solution File, Format Version 12.00
# Visual Studio Version 16
VisualStudioVersion = 16.0.29609.76
MinimumVisualStudioVersion = 10.0.40219.1
Project("{FAE04EC0-301F-11D3-BF4B-00C04F79EFBC}") = "task4", "task4.csproj", "{9AC30F1F-B56D-4C2E-BC37-8A9C740B8466}"
EndProject
Global
	GlobalSection(SolutionConfigurationPlatforms) = preSolution
		Debug|Any CPU = Debug|Any CPU
		Release|Any CPU = Release|Any CPU
	EndGlobalSection
	GlobalSection(ProjectConfigurationPlatforms) = postSolution
		{9AC30F1F-B56D-4C2E-BC37-8A9C740B8466}.Debug|Any CPU.ActiveCfg = Debug|Any CPU
		{9AC30F1F-B56D-4C2E-BC37-8A9C740B8466}.Debug|Any CPU.Build.0 = Debug|Any CPU
		{9AC30F1F-B56D-4C2E-BC37-8A9C740B8466}.Release|Any CPU.ActiveCfg = Release|Any CPU
		{9AC30F1F-B56D-4C2E-BC37-8A9C740B8466}.Release|Any CPU.Build.0 = Release|Any CPU
	EndGlobalSection
	GlobalSection(SolutionProperties) = preSolution
		HideSolutionNode = FALSE
	EndGlobalSection
	GlobalSection(ExtensibilityGlobals) = postSolution
		SolutionGuid = {2707CD42-BFB1-45B3-A555-94B6DC23A01A}
	EndGlobalSection
EndGlobal
